// !$*UTF8*$!
{
	archiveVersion = 1;
	classes = {
	};
	objectVersion = 56;
	objects = {

/* Begin PBXBuildFile section */
		84E8D4022CB6DA780034B375 /* Dictionary_AppApp.swift in Sources */ = {isa = PBXBuildFile; fileRef = 84E8D4012CB6DA780034B375 /* Dictionary_AppApp.swift */; };
		84E8D4042CB6DA780034B375 /* ContentView.swift in Sources */ = {isa = PBXBuildFile; fileRef = 84E8D4032CB6DA780034B375 /* ContentView.swift */; };
		84E8D4062CB6DA790034B375 /* Assets.xcassets in Resources */ = {isa = PBXBuildFile; fileRef = 84E8D4052CB6DA790034B375 /* Assets.xcassets */; };
		84E8D4092CB6DA790034B375 /* Preview Assets.xcassets in Resources */ = {isa = PBXBuildFile; fileRef = 84E8D4082CB6DA790034B375 /* Preview Assets.xcassets */; };
		84E8D4102CB6DE590034B375 /* WordModel.swift in Sources */ = {isa = PBXBuildFile; fileRef = 84E8D40F2CB6DE590034B375 /* WordModel.swift */; };
		84E8D4122CB6E2700034B375 /* JSONNul.swift in Sources */ = {isa = PBXBuildFile; fileRef = 84E8D4112CB6E2700034B375 /* JSONNul.swift */; };
		84E8D4142CB6E2970034B375 /* JSONAny.swift in Sources */ = {isa = PBXBuildFile; fileRef = 84E8D4132CB6E2970034B375 /* JSONAny.swift */; };
/* End PBXBuildFile section */

/* Begin PBXFileReference section */
		84E8D3FE2CB6DA780034B375 /* Dictionary-App.app */ = {isa = PBXFileReference; explicitFileType = wrapper.application; includeInIndex = 0; path = "Dictionary-App.app"; sourceTree = BUILT_PRODUCTS_DIR; };
		84E8D4012CB6DA780034B375 /* Dictionary_AppApp.swift */ = {isa = PBXFileReference; lastKnownFileType = sourcecode.swift; path = Dictionary_AppApp.swift; sourceTree = "<group>"; };
		84E8D4032CB6DA780034B375 /* ContentView.swift */ = {isa = PBXFileReference; lastKnownFileType = sourcecode.swift; path = ContentView.swift; sourceTree = "<group>"; };
		84E8D4052CB6DA790034B375 /* Assets.xcassets */ = {isa = PBXFileReference; lastKnownFileType = folder.assetcatalog; path = Assets.xcassets; sourceTree = "<group>"; };
		84E8D4082CB6DA790034B375 /* Preview Assets.xcassets */ = {isa = PBXFileReference; lastKnownFileType = folder.assetcatalog; path = "Preview Assets.xcassets"; sourceTree = "<group>"; };
		84E8D40F2CB6DE590034B375 /* WordModel.swift */ = {isa = PBXFileReference; lastKnownFileType = sourcecode.swift; path = WordModel.swift; sourceTree = "<group>"; };
		84E8D4112CB6E2700034B375 /* JSONNul.swift */ = {isa = PBXFileReference; lastKnownFileType = sourcecode.swift; path = JSONNul.swift; sourceTree = "<group>"; };
		84E8D4132CB6E2970034B375 /* JSONAny.swift */ = {isa = PBXFileReference; lastKnownFileType = sourcecode.swift; path = JSONAny.swift; sourceTree = "<group>"; };
/* End PBXFileReference section */

/* Begin PBXFrameworksBuildPhase section */
		84E8D3FB2CB6DA780034B375 /* Frameworks */ = {
			isa = PBXFrameworksBuildPhase;
			buildActionMask = 2147483647;
			files = (
			);
			runOnlyForDeploymentPostprocessing = 0;
		};
/* End PBXFrameworksBuildPhase section */

/* Begin PBXGroup section */
		84E8D3F52CB6DA780034B375 = {
			isa = PBXGroup;
			children = (
				84E8D4002CB6DA780034B375 /* Dictionary-App */,
				84E8D3FF2CB6DA780034B375 /* Products */,
			);
			sourceTree = "<group>";
		};
		84E8D3FF2CB6DA780034B375 /* Products */ = {
			isa = PBXGroup;
			children = (
				84E8D3FE2CB6DA780034B375 /* Dictionary-App.app */,
			);
			name = Products;
			sourceTree = "<group>";
		};
		84E8D4002CB6DA780034B375 /* Dictionary-App */ = {
			isa = PBXGroup;
			children = (
				84E8D4012CB6DA780034B375 /* Dictionary_AppApp.swift */,
				84E8D4032CB6DA780034B375 /* ContentView.swift */,
				84E8D40F2CB6DE590034B375 /* WordModel.swift */,
				84E8D4112CB6E2700034B375 /* JSONNul.swift */,
				84E8D4132CB6E2970034B375 /* JSONAny.swift */,
				84E8D4052CB6DA790034B375 /* Assets.xcassets */,
				84E8D4072CB6DA790034B375 /* Preview Content */,
			);
			path = "Dictionary-App";
			sourceTree = "<group>";
		};
		84E8D4072CB6DA790034B375 /* Preview Content */ = {
			isa = PBXGroup;
			children = (
				84E8D4082CB6DA790034B375 /* Preview Assets.xcassets */,
			);
			path = "Preview Content";
			sourceTree = "<group>";
		};
/* End PBXGroup section */

/* Begin PBXNativeTarget section */
		84E8D3FD2CB6DA780034B375 /* Dictionary-App */ = {
			isa = PBXNativeTarget;
			buildConfigurationList = 84E8D40C2CB6DA790034B375 /* Build configuration list for PBXNativeTarget "Dictionary-App" */;
			buildPhases = (
				84E8D3FA2CB6DA780034B375 /* Sources */,
				84E8D3FB2CB6DA780034B375 /* Frameworks */,
				84E8D3FC2CB6DA780034B375 /* Resources */,
			);
			buildRules = (
			);
			dependencies = (
			);
			name = "Dictionary-App";
			productName = "Dictionary-App";
			productReference = 84E8D3FE2CB6DA780034B375 /* Dictionary-App.app */;
			productType = "com.apple.product-type.application";
		};
/* End PBXNativeTarget section */

/* Begin PBXProject section */
		84E8D3F62CB6DA780034B375 /* Project object */ = {
			isa = PBXProject;
			attributes = {
				BuildIndependentTargetsInParallel = 1;
				LastSwiftUpdateCheck = 1500;
				LastUpgradeCheck = 1500;
				TargetAttributes = {
					84E8D3FD2CB6DA780034B375 = {
						CreatedOnToolsVersion = 15.0.1;
					};
				};
			};
			buildConfigurationList = 84E8D3F92CB6DA780034B375 /* Build configuration list for PBXProject "Dictionary-App" */;
			compatibilityVersion = "Xcode 14.0";
			developmentRegion = en;
			hasScannedForEncodings = 0;
			knownRegions = (
				en,
				Base,
			);
			mainGroup = 84E8D3F52CB6DA780034B375;
			productRefGroup = 84E8D3FF2CB6DA780034B375 /* Products */;
			projectDirPath = "";
			projectRoot = "";
			targets = (
				84E8D3FD2CB6DA780034B375 /* Dictionary-App */,
			);
		};
/* End PBXProject section */

/* Begin PBXResourcesBuildPhase section */
		84E8D3FC2CB6DA780034B375 /* Resources */ = {
			isa = PBXResourcesBuildPhase;
			buildActionMask = 2147483647;
			files = (
				84E8D4092CB6DA790034B375 /* Preview Assets.xcassets in Resources */,
				84E8D4062CB6DA790034B375 /* Assets.xcassets in Resources */,
			);
			runOnlyForDeploymentPostprocessing = 0;
		};
/* End PBXResourcesBuildPhase section */

/* Begin PBXSourcesBuildPhase section */
		84E8D3FA2CB6DA780034B375 /* Sources */ = {
			isa = PBXSourcesBuildPhase;
			buildActionMask = 2147483647;
			files = (
				84E8D4042CB6DA780034B375 /* ContentView.swift in Sources */,
				84E8D4122CB6E2700034B375 /* JSONNul.swift in Sources */,
				84E8D4102CB6DE590034B375 /* WordModel.swift in Sources */,
				84E8D4142CB6E2970034B375 /* JSONAny.swift in Sources */,
				84E8D4022CB6DA780034B375 /* Dictionary_AppApp.swift in Sources */,
			);
			runOnlyForDeploymentPostprocessing = 0;
		};
/* End PBXSourcesBuildPhase section */

/* Begin XCBuildConfiguration section */
		84E8D40A2CB6DA790034B375 /* Debug */ = {
			isa = XCBuildConfiguration;
			buildSettings = {
				ALWAYS_SEARCH_USER_PATHS = NO;
				ASSETCATALOG_COMPILER_GENERATE_SWIFT_ASSET_SYMBOL_EXTENSIONS = YES;
				CLANG_ANALYZER_NONNULL = YES;
				CLANG_ANALYZER_NUMBER_OBJECT_CONVERSION = YES_AGGRESSIVE;
				CLANG_CXX_LANGUAGE_STANDARD = "gnu++20";
				CLANG_ENABLE_MODULES = YES;
				CLANG_ENABLE_OBJC_ARC = YES;
				CLANG_ENABLE_OBJC_WEAK = YES;
				CLANG_WARN_BLOCK_CAPTURE_AUTORELEASING = YES;
				CLANG_WARN_BOOL_CONVERSION = YES;
				CLANG_WARN_COMMA = YES;
				CLANG_WARN_CONSTANT_CONVERSION = YES;
				CLANG_WARN_DEPRECATED_OBJC_IMPLEMENTATIONS = YES;
				CLANG_WARN_DIRECT_OBJC_ISA_USAGE = YES_ERROR;
				CLANG_WARN_DOCUMENTATION_COMMENTS = YES;
				CLANG_WARN_EMPTY_BODY = YES;
				CLANG_WARN_ENUM_CONVERSION = YES;
				CLANG_WARN_INFINITE_RECURSION = YES;
				CLANG_WARN_INT_CONVERSION = YES;
				CLANG_WARN_NON_LITERAL_NULL_CONVERSION = YES;
				CLANG_WARN_OBJC_IMPLICIT_RETAIN_SELF = YES;
				CLANG_WARN_OBJC_LITERAL_CONVERSION = YES;
				CLANG_WARN_OBJC_ROOT_CLASS = YES_ERROR;
				CLANG_WARN_QUOTED_INCLUDE_IN_FRAMEWORK_HEADER = YES;
				CLANG_WARN_RANGE_LOOP_ANALYSIS = YES;
				CLANG_WARN_STRICT_PROTOTYPES = YES;
				CLANG_WARN_SUSPICIOUS_MOVE = YES;
				CLANG_WARN_UNGUARDED_AVAILABILITY = YES_AGGRESSIVE;
				CLANG_WARN_UNREACHABLE_CODE = YES;
				CLANG_WARN__DUPLICATE_METHOD_MATCH = YES;
				COPY_PHASE_STRIP = NO;
				DEBUG_INFORMATION_FORMAT = dwarf;
				ENABLE_STRICT_OBJC_MSGSEND = YES;
				ENABLE_TESTABILITY = YES;
				ENABLE_USER_SCRIPT_SANDBOXING = YES;
				GCC_C_LANGUAGE_STANDARD = gnu17;
				GCC_DYNAMIC_NO_PIC = NO;
				GCC_NO_COMMON_BLOCKS = YES;
				GCC_OPTIMIZATION_LEVEL = 0;
				GCC_PREPROCESSOR_DEFINITIONS = (
					"DEBUG=1",
					"$(inherited)",
				);
				GCC_WARN_64_TO_32_BIT_CONVERSION = YES;
				GCC_WARN_ABOUT_RETURN_TYPE = YES_ERROR;
				GCC_WARN_UNDECLARED_SELECTOR = YES;
				GCC_WARN_UNINITIALIZED_AUTOS = YES_AGGRESSIVE;
				GCC_WARN_UNUSED_FUNCTION = YES;
				GCC_WARN_UNUSED_VARIABLE = YES;
				IPHONEOS_DEPLOYMENT_TARGET = 17.0;
				LOCALIZATION_PREFERS_STRING_CATALOGS = YES;
				MTL_ENABLE_DEBUG_INFO = INCLUDE_SOURCE;
				MTL_FAST_MATH = YES;
				ONLY_ACTIVE_ARCH = YES;
				SDKROOT = iphoneos;
				SWIFT_ACTIVE_COMPILATION_CONDITIONS = "DEBUG $(inherited)";
				SWIFT_OPTIMIZATION_LEVEL = "-Onone";
			};
			name = Debug;
		};
		84E8D40B2CB6DA790034B375 /* Release */ = {
			isa = XCBuildConfiguration;
			buildSettings = {
				ALWAYS_SEARCH_USER_PATHS = NO;
				ASSETCATALOG_COMPILER_GENERATE_SWIFT_ASSET_SYMBOL_EXTENSIONS = YES;
				CLANG_ANALYZER_NONNULL = YES;
				CLANG_ANALYZER_NUMBER_OBJECT_CONVERSION = YES_AGGRESSIVE;
				CLANG_CXX_LANGUAGE_STANDARD = "gnu++20";
				CLANG_ENABLE_MODULES = YES;
				CLANG_ENABLE_OBJC_ARC = YES;
				CLANG_ENABLE_OBJC_WEAK = YES;
				CLANG_WARN_BLOCK_CAPTURE_AUTORELEASING = YES;
				CLANG_WARN_BOOL_CONVERSION = YES;
				CLANG_WARN_COMMA = YES;
				CLANG_WARN_CONSTANT_CONVERSION = YES;
				CLANG_WARN_DEPRECATED_OBJC_IMPLEMENTATIONS = YES;
				CLANG_WARN_DIRECT_OBJC_ISA_USAGE = YES_ERROR;
				CLANG_WARN_DOCUMENTATION_COMMENTS = YES;
				CLANG_WARN_EMPTY_BODY = YES;
				CLANG_WARN_ENUM_CONVERSION = YES;
				CLANG_WARN_INFINITE_RECURSION = YES;
				CLANG_WARN_INT_CONVERSION = YES;
				CLANG_WARN_NON_LITERAL_NULL_CONVERSION = YES;
				CLANG_WARN_OBJC_IMPLICIT_RETAIN_SELF = YES;
				CLANG_WARN_OBJC_LITERAL_CONVERSION = YES;
				CLANG_WARN_OBJC_ROOT_CLASS = YES_ERROR;
				CLANG_WARN_QUOTED_INCLUDE_IN_FRAMEWORK_HEADER = YES;
				CLANG_WARN_RANGE_LOOP_ANALYSIS = YES;
				CLANG_WARN_STRICT_PROTOTYPES = YES;
				CLANG_WARN_SUSPICIOUS_MOVE = YES;
				CLANG_WARN_UNGUARDED_AVAILABILITY = YES_AGGRESSIVE;
				CLANG_WARN_UNREACHABLE_CODE = YES;
				CLANG_WARN__DUPLICATE_METHOD_MATCH = YES;
				COPY_PHASE_STRIP = NO;
				DEBUG_INFORMATION_FORMAT = "dwarf-with-dsym";
				ENABLE_NS_ASSERTIONS = NO;
				ENABLE_STRICT_OBJC_MSGSEND = YES;
				ENABLE_USER_SCRIPT_SANDBOXING = YES;
				GCC_C_LANGUAGE_STANDARD = gnu17;
				GCC_NO_COMMON_BLOCKS = YES;
				GCC_WARN_64_TO_32_BIT_CONVERSION = YES;
				GCC_WARN_ABOUT_RETURN_TYPE = YES_ERROR;
				GCC_WARN_UNDECLARED_SELECTOR = YES;
				GCC_WARN_UNINITIALIZED_AUTOS = YES_AGGRESSIVE;
				GCC_WARN_UNUSED_FUNCTION = YES;
				GCC_WARN_UNUSED_VARIABLE = YES;
				IPHONEOS_DEPLOYMENT_TARGET = 17.0;
				LOCALIZATION_PREFERS_STRING_CATALOGS = YES;
				MTL_ENABLE_DEBUG_INFO = NO;
				MTL_FAST_MATH = YES;
				SDKROOT = iphoneos;
				SWIFT_COMPILATION_MODE = wholemodule;
				VALIDATE_PRODUCT = YES;
			};
			name = Release;
		};
		84E8D40D2CB6DA790034B375 /* Debug */ = {
			isa = XCBuildConfiguration;
			buildSettings = {
				ASSETCATALOG_COMPILER_APPICON_NAME = AppIcon;
				ASSETCATALOG_COMPILER_GLOBAL_ACCENT_COLOR_NAME = AccentColor;
				CODE_SIGN_STYLE = Automatic;
				CURRENT_PROJECT_VERSION = 1;
				DEVELOPMENT_ASSET_PATHS = "\"Dictionary-App/Preview Content\"";
				DEVELOPMENT_TEAM = AB95K5R2N4;
				ENABLE_PREVIEWS = YES;
				GENERATE_INFOPLIST_FILE = YES;
				INFOPLIST_KEY_UIApplicationSceneManifest_Generation = YES;
				INFOPLIST_KEY_UIApplicationSupportsIndirectInputEvents = YES;
				INFOPLIST_KEY_UILaunchScreen_Generation = YES;
				INFOPLIST_KEY_UISupportedInterfaceOrientations_iPad = "UIInterfaceOrientationPortrait UIInterfaceOrientationPortraitUpsideDown UIInterfaceOrientationLandscapeLeft UIInterfaceOrientationLandscapeRight";
				INFOPLIST_KEY_UISupportedInterfaceOrientations_iPhone = "UIInterfaceOrientationPortrait UIInterfaceOrientationLandscapeLeft UIInterfaceOrientationLandscapeRight";
				LD_RUNPATH_SEARCH_PATHS = (
					"$(inherited)",
					"@executable_path/Frameworks",
				);
				MARKETING_VERSION = 1.0;
				PRODUCT_BUNDLE_IDENTIFIER = "co.victorsheepman.Dictionary-App";
				PRODUCT_NAME = "$(TARGET_NAME)";
				SWIFT_EMIT_LOC_STRINGS = YES;
				SWIFT_VERSION = 5.0;
				TARGETED_DEVICE_FAMILY = "1,2";
			};
			name = Debug;
		};
		84E8D40E2CB6DA790034B375 /* Release */ = {
			isa = XCBuildConfiguration;
			buildSettings = {
				ASSETCATALOG_COMPILER_APPICON_NAME = AppIcon;
				ASSETCATALOG_COMPILER_GLOBAL_ACCENT_COLOR_NAME = AccentColor;
				CODE_SIGN_STYLE = Automatic;
				CURRENT_PROJECT_VERSION = 1;
				DEVELOPMENT_ASSET_PATHS = "\"Dictionary-App/Preview Content\"";
				DEVELOPMENT_TEAM = AB95K5R2N4;
				ENABLE_PREVIEWS = YES;
				GENERATE_INFOPLIST_FILE = YES;
				INFOPLIST_KEY_UIApplicationSceneManifest_Generation = YES;
				INFOPLIST_KEY_UIApplicationSupportsIndirectInputEvents = YES;
				INFOPLIST_KEY_UILaunchScreen_Generation = YES;
				INFOPLIST_KEY_UISupportedInterfaceOrientations_iPad = "UIInterfaceOrientationPortrait UIInterfaceOrientationPortraitUpsideDown UIInterfaceOrientationLandscapeLeft UIInterfaceOrientationLandscapeRight";
				INFOPLIST_KEY_UISupportedInterfaceOrientations_iPhone = "UIInterfaceOrientationPortrait UIInterfaceOrientationLandscapeLeft UIInterfaceOrientationLandscapeRight";
				LD_RUNPATH_SEARCH_PATHS = (
					"$(inherited)",
					"@executable_path/Frameworks",
				);
				MARKETING_VERSION = 1.0;
				PRODUCT_BUNDLE_IDENTIFIER = "co.victorsheepman.Dictionary-App";
				PRODUCT_NAME = "$(TARGET_NAME)";
				SWIFT_EMIT_LOC_STRINGS = YES;
				SWIFT_VERSION = 5.0;
				TARGETED_DEVICE_FAMILY = "1,2";
			};
			name = Release;
		};
/* End XCBuildConfiguration section */

/* Begin XCConfigurationList section */
		84E8D3F92CB6DA780034B375 /* Build configuration list for PBXProject "Dictionary-App" */ = {
			isa = XCConfigurationList;
			buildConfigurations = (
				84E8D40A2CB6DA790034B375 /* Debug */,
				84E8D40B2CB6DA790034B375 /* Release */,
			);
			defaultConfigurationIsVisible = 0;
			defaultConfigurationName = Release;
		};
		84E8D40C2CB6DA790034B375 /* Build configuration list for PBXNativeTarget "Dictionary-App" */ = {
			isa = XCConfigurationList;
			buildConfigurations = (
				84E8D40D2CB6DA790034B375 /* Debug */,
				84E8D40E2CB6DA790034B375 /* Release */,
			);
			defaultConfigurationIsVisible = 0;
			defaultConfigurationName = Release;
		};
/* End XCConfigurationList section */
	};
	rootObject = 84E8D3F62CB6DA780034B375 /* Project object */;
}
